
Microsoft Visual Studio Solution File, Format Version 12.00
# Visual Studio Version 17
VisualStudioVersion = 17.4.33213.308
MinimumVisualStudioVersion = 10.0.40219.1
Project("{9A19103F-16F7-4668-BE54-9A1E7A4F7556}") = "SysContolVivero.UI.AppWebAspCore", "SysContolVivero.UI.AppWebAspCore\SysContolVivero.UI.AppWebAspCore.csproj", "{5107E524-7AF1-4ADC-BBCF-5C99673BA55A}"
EndProject
Project("{FAE04EC0-301F-11D3-BF4B-00C04F79EFBC}") = "SysControlVivero.EntidadesDeNegocio", "SysControlVivero.EntidadesDeNegocio\SysControlVivero.EntidadesDeNegocio.csproj", "{31B3CB4F-65A6-41F2-8AEE-435A156A750D}"
EndProject
Project("{FAE04EC0-301F-11D3-BF4B-00C04F79EFBC}") = "SysControlVivero.AccesoADatos", "SysControlVivero.AccesoADatos\SysControlVivero.AccesoADatos.csproj", "{A56916F9-C1EE-4804-8D93-2B0B11E2AA19}"
EndProject
Project("{FAE04EC0-301F-11D3-BF4B-00C04F79EFBC}") = "SysControlVivero.LogicaDeNegocio", "SysControlVivero.LogicaDeNegocio\SysControlVivero.LogicaDeNegocio.csproj", "{7364946B-DF0E-4194-A9CB-E8762A6E302B}"
EndProject
Global
	GlobalSection(SolutionConfigurationPlatforms) = preSolution
		Debug|Any CPU = Debug|Any CPU
		Release|Any CPU = Release|Any CPU
	EndGlobalSection
	GlobalSection(ProjectConfigurationPlatforms) = postSolution
		{5107E524-7AF1-4ADC-BBCF-5C99673BA55A}.Debug|Any CPU.ActiveCfg = Debug|Any CPU
		{5107E524-7AF1-4ADC-BBCF-5C99673BA55A}.Debug|Any CPU.Build.0 = Debug|Any CPU
		{5107E524-7AF1-4ADC-BBCF-5C99673BA55A}.Release|Any CPU.ActiveCfg = Release|Any CPU
		{5107E524-7AF1-4ADC-BBCF-5C99673BA55A}.Release|Any CPU.Build.0 = Release|Any CPU
		{31B3CB4F-65A6-41F2-8AEE-435A156A750D}.Debug|Any CPU.ActiveCfg = Debug|Any CPU
		{31B3CB4F-65A6-41F2-8AEE-435A156A750D}.Debug|Any CPU.Build.0 = Debug|Any CPU
		{31B3CB4F-65A6-41F2-8AEE-435A156A750D}.Release|Any CPU.ActiveCfg = Release|Any CPU
		{31B3CB4F-65A6-41F2-8AEE-435A156A750D}.Release|Any CPU.Build.0 = Release|Any CPU
		{A56916F9-C1EE-4804-8D93-2B0B11E2AA19}.Debug|Any CPU.ActiveCfg = Debug|Any CPU
		{A56916F9-C1EE-4804-8D93-2B0B11E2AA19}.Debug|Any CPU.Build.0 = Debug|Any CPU
		{A56916F9-C1EE-4804-8D93-2B0B11E2AA19}.Release|Any CPU.ActiveCfg = Release|Any CPU
		{A56916F9-C1EE-4804-8D93-2B0B11E2AA19}.Release|Any CPU.Build.0 = Release|Any CPU
		{7364946B-DF0E-4194-A9CB-E8762A6E302B}.Debug|Any CPU.ActiveCfg = Debug|Any CPU
		{7364946B-DF0E-4194-A9CB-E8762A6E302B}.Debug|Any CPU.Build.0 = Debug|Any CPU
		{7364946B-DF0E-4194-A9CB-E8762A6E302B}.Release|Any CPU.ActiveCfg = Release|Any CPU
		{7364946B-DF0E-4194-A9CB-E8762A6E302B}.Release|Any CPU.Build.0 = Release|Any CPU
	EndGlobalSection
	GlobalSection(SolutionProperties) = preSolution
		HideSolutionNode = FALSE
	EndGlobalSection
	GlobalSection(ExtensibilityGlobals) = postSolution
		SolutionGuid = {D7E574C2-AD7F-4888-A185-C1E5665B484F}
	EndGlobalSection
EndGlobal
